
Microsoft Visual Studio Solution File, Format Version 12.00
# Visual Studio Version 17
VisualStudioVersion = 17.10.35122.118
MinimumVisualStudioVersion = 10.0.40219.1
Project("{9A19103F-16F7-4668-BE54-9A1E7A4F7556}") = "01_IntroToDotNet", "01_IntroToDotNet\01_IntroToDotNet.csproj", "{D9C03918-569E-4EEF-A62A-6A329A0B24FC}"
EndProject
Project("{9A19103F-16F7-4668-BE54-9A1E7A4F7556}") = "02_Arrays", "02_Arrays\02_Arrays.csproj", "{4C64AABE-A27C-4B39-91E5-5FDC2B39483B}"
EndProject
Project("{9A19103F-16F7-4668-BE54-9A1E7A4F7556}") = "03_01_String", "03_String\03_01_String.csproj", "{930CE1AD-018D-4E54-9ADA-1E26B5C8ACDC}"
EndProject
Project("{9A19103F-16F7-4668-BE54-9A1E7A4F7556}") = "03_02_StringBuilder", "03_02_StringBuilder\03_02_StringBuilder.csproj", "{9070EDDF-D87C-4207-9AB9-5232DB894444}"
EndProject
Project("{9A19103F-16F7-4668-BE54-9A1E7A4F7556}") = "04_IntroToOOP", "04_IntroToOOP\04_IntroToOOP.csproj", "{71FBE1E6-B7B4-4385-A9FC-C392B0D123F7}"
EndProject
Project("{9A19103F-16F7-4668-BE54-9A1E7A4F7556}") = "05_StructRefOut", "05_StructRefOut\05_StructRefOut.csproj", "{ED2E47EB-10A2-4B66-ADE3-1849199B7868}"
EndProject
Project("{9A19103F-16F7-4668-BE54-9A1E7A4F7556}") = "06_ExceptionNamespaces", "06_ExceptionNamespaces\06_ExceptionNamespaces.csproj", "{B6292D21-CA6A-4EFA-B57B-98B38DC48A38}"
EndProject
Project("{9A19103F-16F7-4668-BE54-9A1E7A4F7556}") = "07_OverloadOperators", "07_OverloadOperators\07_OverloadOperators.csproj", "{DED6BE69-04E3-45DA-8878-1E8AACEAF226}"
EndProject
Project("{9A19103F-16F7-4668-BE54-9A1E7A4F7556}") = "08_01_Inheritance", "08_01_Inheritance\08_01_Inheritance.csproj", "{A659DE7C-BB98-4E12-96E8-1B95D39F6658}"
EndProject
Project("{9A19103F-16F7-4668-BE54-9A1E7A4F7556}") = "08_02_Indexers", "08_02_Indexers\08_02_Indexers.csproj", "{35AD2FE0-1D22-4875-9C55-1F340897CF41}"
EndProject
Project("{9A19103F-16F7-4668-BE54-9A1E7A4F7556}") = "09_Interfaces", "09_Interfaces\09_Interfaces.csproj", "{4B73D5D5-923F-47D5-9FB2-F81D8F73CB30}"
EndProject
Project("{9A19103F-16F7-4668-BE54-9A1E7A4F7556}") = "10_StandartInterfaces", "10_StandartInterfaces\10_StandartInterfaces.csproj", "{304062E1-67E5-4126-BDD5-7D97748FF707}"
EndProject
Project("{9A19103F-16F7-4668-BE54-9A1E7A4F7556}") = "10_01_Enum", "10_01_Enum\10_01_Enum.csproj", "{6E7BC0C1-DABF-4636-A96B-35AEEE8E7264}"
EndProject
Project("{9A19103F-16F7-4668-BE54-9A1E7A4F7556}") = "11_Delegates", "11_Delegates\11_Delegates.csproj", "{E3D4DBE2-5339-4212-A0EA-8656C3189C66}"
EndProject
Project("{9A19103F-16F7-4668-BE54-9A1E7A4F7556}") = "12_EventCallBackFunction", "12_EventCallBackFunction\12_EventCallBackFunction.csproj", "{8408B15B-2DE1-4F37-86CE-1C8A7FF79120}"
EndProject
Project("{9A19103F-16F7-4668-BE54-9A1E7A4F7556}") = "12_01_ExtensionMethod", "12_01_ExtensionMethod\12_01_ExtensionMethod.csproj", "{23F80704-0822-4FB3-893C-A04CBD419FF1}"
EndProject
Project("{9A19103F-16F7-4668-BE54-9A1E7A4F7556}") = "13_GarbageCollector", "13_GarbageCollector\13_GarbageCollector.csproj", "{A55C8951-D65F-473C-803D-D9A8FDC7EAFC}"
EndProject
Project("{9A19103F-16F7-4668-BE54-9A1E7A4F7556}") = "14_Dictionary", "14_Dictionary\14_Dictionary.csproj", "{FDF63FA7-41CC-4703-A7B2-BB3BA8277870}"
EndProject
Project("{9A19103F-16F7-4668-BE54-9A1E7A4F7556}") = "15_01_Collection", "15_01_Collection\15_01_Collection.csproj", "{AD86B0EA-5747-4F5D-853A-4113A489102A}"
EndProject
Project("{9A19103F-16F7-4668-BE54-9A1E7A4F7556}") = "15_02_Generics", "15_02_Generics\15_02_Generics.csproj", "{045E0DC0-0907-487E-9DE0-C115A156CD80}"
EndProject
Project("{9A19103F-16F7-4668-BE54-9A1E7A4F7556}") = "16_WorkWithFile", "16_WorkWithFile\16_WorkWithFile.csproj", "{B7190F47-E46D-4157-85AF-13BB6F4D1B9F}"
EndProject
Project("{9A19103F-16F7-4668-BE54-9A1E7A4F7556}") = "16_01_DirectoriesFiles", "16_01_DirectoriesFiles\16_01_DirectoriesFiles.csproj", "{D6960DB8-0FAF-4D44-BBEC-A365B3049FB7}"
EndProject
Project("{9A19103F-16F7-4668-BE54-9A1E7A4F7556}") = "17_01_Attributes", "17_01_Attributes\17_01_Attributes.csproj", "{12AA6F7B-9FCC-4A46-BD2F-04C34AD8F603}"
EndProject
Project("{9A19103F-16F7-4668-BE54-9A1E7A4F7556}") = "17_2_BinarySerialize", "17_2_BinarySerialize\17_2_BinarySerialize.csproj", "{B1A3CA8A-3DBF-46FB-AC26-8E1B7FB2CFB1}"
EndProject
Project("{9A19103F-16F7-4668-BE54-9A1E7A4F7556}") = "17_3_XML_JsonSerialization", "17_3_XML_JsonSerialization\17_3_XML_JsonSerialization.csproj", "{6F4E4B7E-D65C-4C9B-B1A5-0E45A2256B60}"
EndProject
Project("{9A19103F-16F7-4668-BE54-9A1E7A4F7556}") = "17_4_DataAnnotations", "17_4_DataAnnotations\17_4_DataAnnotations.csproj", "{6705566F-2323-48A1-AAFF-FC1BFA9916CB}"
EndProject
Project("{9A19103F-16F7-4668-BE54-9A1E7A4F7556}") = "18_RegularExpression", "18_RegularExpression\18_RegularExpression.csproj", "{EA3FC504-0EAB-4E59-9993-C71A267EF24C}"
EndProject
Project("{FAE04EC0-301F-11D3-BF4B-00C04F79EFBC}") = "19_LINQ", "19_LINQ\19_LINQ.csproj", "{5E13ACFF-F332-4F4E-A6EA-9DF0D103D8EF}"
EndProject
Global
	GlobalSection(SolutionConfigurationPlatforms) = preSolution
		Debug|Any CPU = Debug|Any CPU
		Release|Any CPU = Release|Any CPU
	EndGlobalSection
	GlobalSection(ProjectConfigurationPlatforms) = postSolution
		{D9C03918-569E-4EEF-A62A-6A329A0B24FC}.Debug|Any CPU.ActiveCfg = Debug|Any CPU
		{D9C03918-569E-4EEF-A62A-6A329A0B24FC}.Debug|Any CPU.Build.0 = Debug|Any CPU
		{D9C03918-569E-4EEF-A62A-6A329A0B24FC}.Release|Any CPU.ActiveCfg = Release|Any CPU
		{D9C03918-569E-4EEF-A62A-6A329A0B24FC}.Release|Any CPU.Build.0 = Release|Any CPU
		{4C64AABE-A27C-4B39-91E5-5FDC2B39483B}.Debug|Any CPU.ActiveCfg = Debug|Any CPU
		{4C64AABE-A27C-4B39-91E5-5FDC2B39483B}.Debug|Any CPU.Build.0 = Debug|Any CPU
		{4C64AABE-A27C-4B39-91E5-5FDC2B39483B}.Release|Any CPU.ActiveCfg = Release|Any CPU
		{4C64AABE-A27C-4B39-91E5-5FDC2B39483B}.Release|Any CPU.Build.0 = Release|Any CPU
		{930CE1AD-018D-4E54-9ADA-1E26B5C8ACDC}.Debug|Any CPU.ActiveCfg = Debug|Any CPU
		{930CE1AD-018D-4E54-9ADA-1E26B5C8ACDC}.Debug|Any CPU.Build.0 = Debug|Any CPU
		{930CE1AD-018D-4E54-9ADA-1E26B5C8ACDC}.Release|Any CPU.ActiveCfg = Release|Any CPU
		{930CE1AD-018D-4E54-9ADA-1E26B5C8ACDC}.Release|Any CPU.Build.0 = Release|Any CPU
		{9070EDDF-D87C-4207-9AB9-5232DB894444}.Debug|Any CPU.ActiveCfg = Debug|Any CPU
		{9070EDDF-D87C-4207-9AB9-5232DB894444}.Debug|Any CPU.Build.0 = Debug|Any CPU
		{9070EDDF-D87C-4207-9AB9-5232DB894444}.Release|Any CPU.ActiveCfg = Release|Any CPU
		{9070EDDF-D87C-4207-9AB9-5232DB894444}.Release|Any CPU.Build.0 = Release|Any CPU
		{71FBE1E6-B7B4-4385-A9FC-C392B0D123F7}.Debug|Any CPU.ActiveCfg = Debug|Any CPU
		{71FBE1E6-B7B4-4385-A9FC-C392B0D123F7}.Debug|Any CPU.Build.0 = Debug|Any CPU
		{71FBE1E6-B7B4-4385-A9FC-C392B0D123F7}.Release|Any CPU.ActiveCfg = Release|Any CPU
		{71FBE1E6-B7B4-4385-A9FC-C392B0D123F7}.Release|Any CPU.Build.0 = Release|Any CPU
		{ED2E47EB-10A2-4B66-ADE3-1849199B7868}.Debug|Any CPU.ActiveCfg = Debug|Any CPU
		{ED2E47EB-10A2-4B66-ADE3-1849199B7868}.Debug|Any CPU.Build.0 = Debug|Any CPU
		{ED2E47EB-10A2-4B66-ADE3-1849199B7868}.Release|Any CPU.ActiveCfg = Release|Any CPU
		{ED2E47EB-10A2-4B66-ADE3-1849199B7868}.Release|Any CPU.Build.0 = Release|Any CPU
		{B6292D21-CA6A-4EFA-B57B-98B38DC48A38}.Debug|Any CPU.ActiveCfg = Debug|Any CPU
		{B6292D21-CA6A-4EFA-B57B-98B38DC48A38}.Debug|Any CPU.Build.0 = Debug|Any CPU
		{B6292D21-CA6A-4EFA-B57B-98B38DC48A38}.Release|Any CPU.ActiveCfg = Release|Any CPU
		{B6292D21-CA6A-4EFA-B57B-98B38DC48A38}.Release|Any CPU.Build.0 = Release|Any CPU
		{DED6BE69-04E3-45DA-8878-1E8AACEAF226}.Debug|Any CPU.ActiveCfg = Debug|Any CPU
		{DED6BE69-04E3-45DA-8878-1E8AACEAF226}.Debug|Any CPU.Build.0 = Debug|Any CPU
		{DED6BE69-04E3-45DA-8878-1E8AACEAF226}.Release|Any CPU.ActiveCfg = Release|Any CPU
		{DED6BE69-04E3-45DA-8878-1E8AACEAF226}.Release|Any CPU.Build.0 = Release|Any CPU
		{A659DE7C-BB98-4E12-96E8-1B95D39F6658}.Debug|Any CPU.ActiveCfg = Debug|Any CPU
		{A659DE7C-BB98-4E12-96E8-1B95D39F6658}.Debug|Any CPU.Build.0 = Debug|Any CPU
		{A659DE7C-BB98-4E12-96E8-1B95D39F6658}.Release|Any CPU.ActiveCfg = Release|Any CPU
		{A659DE7C-BB98-4E12-96E8-1B95D39F6658}.Release|Any CPU.Build.0 = Release|Any CPU
		{35AD2FE0-1D22-4875-9C55-1F340897CF41}.Debug|Any CPU.ActiveCfg = Debug|Any CPU
		{35AD2FE0-1D22-4875-9C55-1F340897CF41}.Debug|Any CPU.Build.0 = Debug|Any CPU
		{35AD2FE0-1D22-4875-9C55-1F340897CF41}.Release|Any CPU.ActiveCfg = Release|Any CPU
		{35AD2FE0-1D22-4875-9C55-1F340897CF41}.Release|Any CPU.Build.0 = Release|Any CPU
		{4B73D5D5-923F-47D5-9FB2-F81D8F73CB30}.Debug|Any CPU.ActiveCfg = Debug|Any CPU
		{4B73D5D5-923F-47D5-9FB2-F81D8F73CB30}.Debug|Any CPU.Build.0 = Debug|Any CPU
		{4B73D5D5-923F-47D5-9FB2-F81D8F73CB30}.Release|Any CPU.ActiveCfg = Release|Any CPU
		{4B73D5D5-923F-47D5-9FB2-F81D8F73CB30}.Release|Any CPU.Build.0 = Release|Any CPU
		{304062E1-67E5-4126-BDD5-7D97748FF707}.Debug|Any CPU.ActiveCfg = Debug|Any CPU
		{304062E1-67E5-4126-BDD5-7D97748FF707}.Debug|Any CPU.Build.0 = Debug|Any CPU
		{304062E1-67E5-4126-BDD5-7D97748FF707}.Release|Any CPU.ActiveCfg = Release|Any CPU
		{304062E1-67E5-4126-BDD5-7D97748FF707}.Release|Any CPU.Build.0 = Release|Any CPU
		{6E7BC0C1-DABF-4636-A96B-35AEEE8E7264}.Debug|Any CPU.ActiveCfg = Debug|Any CPU
		{6E7BC0C1-DABF-4636-A96B-35AEEE8E7264}.Debug|Any CPU.Build.0 = Debug|Any CPU
		{6E7BC0C1-DABF-4636-A96B-35AEEE8E7264}.Release|Any CPU.ActiveCfg = Release|Any CPU
		{6E7BC0C1-DABF-4636-A96B-35AEEE8E7264}.Release|Any CPU.Build.0 = Release|Any CPU
		{E3D4DBE2-5339-4212-A0EA-8656C3189C66}.Debug|Any CPU.ActiveCfg = Debug|Any CPU
		{E3D4DBE2-5339-4212-A0EA-8656C3189C66}.Debug|Any CPU.Build.0 = Debug|Any CPU
		{E3D4DBE2-5339-4212-A0EA-8656C3189C66}.Release|Any CPU.ActiveCfg = Release|Any CPU
		{E3D4DBE2-5339-4212-A0EA-8656C3189C66}.Release|Any CPU.Build.0 = Release|Any CPU
		{8408B15B-2DE1-4F37-86CE-1C8A7FF79120}.Debug|Any CPU.ActiveCfg = Debug|Any CPU
		{8408B15B-2DE1-4F37-86CE-1C8A7FF79120}.Debug|Any CPU.Build.0 = Debug|Any CPU
		{8408B15B-2DE1-4F37-86CE-1C8A7FF79120}.Release|Any CPU.ActiveCfg = Release|Any CPU
		{8408B15B-2DE1-4F37-86CE-1C8A7FF79120}.Release|Any CPU.Build.0 = Release|Any CPU
		{23F80704-0822-4FB3-893C-A04CBD419FF1}.Debug|Any CPU.ActiveCfg = Debug|Any CPU
		{23F80704-0822-4FB3-893C-A04CBD419FF1}.Debug|Any CPU.Build.0 = Debug|Any CPU
		{23F80704-0822-4FB3-893C-A04CBD419FF1}.Release|Any CPU.ActiveCfg = Release|Any CPU
		{23F80704-0822-4FB3-893C-A04CBD419FF1}.Release|Any CPU.Build.0 = Release|Any CPU
		{A55C8951-D65F-473C-803D-D9A8FDC7EAFC}.Debug|Any CPU.ActiveCfg = Debug|Any CPU
		{A55C8951-D65F-473C-803D-D9A8FDC7EAFC}.Debug|Any CPU.Build.0 = Debug|Any CPU
		{A55C8951-D65F-473C-803D-D9A8FDC7EAFC}.Release|Any CPU.ActiveCfg = Release|Any CPU
		{A55C8951-D65F-473C-803D-D9A8FDC7EAFC}.Release|Any CPU.Build.0 = Release|Any CPU
		{FDF63FA7-41CC-4703-A7B2-BB3BA8277870}.Debug|Any CPU.ActiveCfg = Debug|Any CPU
		{FDF63FA7-41CC-4703-A7B2-BB3BA8277870}.Debug|Any CPU.Build.0 = Debug|Any CPU
		{FDF63FA7-41CC-4703-A7B2-BB3BA8277870}.Release|Any CPU.ActiveCfg = Release|Any CPU
		{FDF63FA7-41CC-4703-A7B2-BB3BA8277870}.Release|Any CPU.Build.0 = Release|Any CPU
		{AD86B0EA-5747-4F5D-853A-4113A489102A}.Debug|Any CPU.ActiveCfg = Debug|Any CPU
		{AD86B0EA-5747-4F5D-853A-4113A489102A}.Debug|Any CPU.Build.0 = Debug|Any CPU
		{AD86B0EA-5747-4F5D-853A-4113A489102A}.Release|Any CPU.ActiveCfg = Release|Any CPU
		{AD86B0EA-5747-4F5D-853A-4113A489102A}.Release|Any CPU.Build.0 = Release|Any CPU
		{045E0DC0-0907-487E-9DE0-C115A156CD80}.Debug|Any CPU.ActiveCfg = Debug|Any CPU
		{045E0DC0-0907-487E-9DE0-C115A156CD80}.Debug|Any CPU.Build.0 = Debug|Any CPU
		{045E0DC0-0907-487E-9DE0-C115A156CD80}.Release|Any CPU.ActiveCfg = Release|Any CPU
		{045E0DC0-0907-487E-9DE0-C115A156CD80}.Release|Any CPU.Build.0 = Release|Any CPU
		{B7190F47-E46D-4157-85AF-13BB6F4D1B9F}.Debug|Any CPU.ActiveCfg = Debug|Any CPU
		{B7190F47-E46D-4157-85AF-13BB6F4D1B9F}.Debug|Any CPU.Build.0 = Debug|Any CPU
		{B7190F47-E46D-4157-85AF-13BB6F4D1B9F}.Release|Any CPU.ActiveCfg = Release|Any CPU
		{B7190F47-E46D-4157-85AF-13BB6F4D1B9F}.Release|Any CPU.Build.0 = Release|Any CPU
		{D6960DB8-0FAF-4D44-BBEC-A365B3049FB7}.Debug|Any CPU.ActiveCfg = Debug|Any CPU
		{D6960DB8-0FAF-4D44-BBEC-A365B3049FB7}.Debug|Any CPU.Build.0 = Debug|Any CPU
		{D6960DB8-0FAF-4D44-BBEC-A365B3049FB7}.Release|Any CPU.ActiveCfg = Release|Any CPU
		{D6960DB8-0FAF-4D44-BBEC-A365B3049FB7}.Release|Any CPU.Build.0 = Release|Any CPU
		{12AA6F7B-9FCC-4A46-BD2F-04C34AD8F603}.Debug|Any CPU.ActiveCfg = Debug|Any CPU
		{12AA6F7B-9FCC-4A46-BD2F-04C34AD8F603}.Debug|Any CPU.Build.0 = Debug|Any CPU
		{12AA6F7B-9FCC-4A46-BD2F-04C34AD8F603}.Release|Any CPU.ActiveCfg = Release|Any CPU
		{12AA6F7B-9FCC-4A46-BD2F-04C34AD8F603}.Release|Any CPU.Build.0 = Release|Any CPU
		{B1A3CA8A-3DBF-46FB-AC26-8E1B7FB2CFB1}.Debug|Any CPU.ActiveCfg = Debug|Any CPU
		{B1A3CA8A-3DBF-46FB-AC26-8E1B7FB2CFB1}.Debug|Any CPU.Build.0 = Debug|Any CPU
		{B1A3CA8A-3DBF-46FB-AC26-8E1B7FB2CFB1}.Release|Any CPU.ActiveCfg = Release|Any CPU
		{B1A3CA8A-3DBF-46FB-AC26-8E1B7FB2CFB1}.Release|Any CPU.Build.0 = Release|Any CPU
		{6F4E4B7E-D65C-4C9B-B1A5-0E45A2256B60}.Debug|Any CPU.ActiveCfg = Debug|Any CPU
		{6F4E4B7E-D65C-4C9B-B1A5-0E45A2256B60}.Debug|Any CPU.Build.0 = Debug|Any CPU
		{6F4E4B7E-D65C-4C9B-B1A5-0E45A2256B60}.Release|Any CPU.ActiveCfg = Release|Any CPU
		{6F4E4B7E-D65C-4C9B-B1A5-0E45A2256B60}.Release|Any CPU.Build.0 = Release|Any CPU
		{6705566F-2323-48A1-AAFF-FC1BFA9916CB}.Debug|Any CPU.ActiveCfg = Debug|Any CPU
		{6705566F-2323-48A1-AAFF-FC1BFA9916CB}.Debug|Any CPU.Build.0 = Debug|Any CPU
		{6705566F-2323-48A1-AAFF-FC1BFA9916CB}.Release|Any CPU.ActiveCfg = Release|Any CPU
		{6705566F-2323-48A1-AAFF-FC1BFA9916CB}.Release|Any CPU.Build.0 = Release|Any CPU
		{EA3FC504-0EAB-4E59-9993-C71A267EF24C}.Debug|Any CPU.ActiveCfg = Debug|Any CPU
		{EA3FC504-0EAB-4E59-9993-C71A267EF24C}.Debug|Any CPU.Build.0 = Debug|Any CPU
		{EA3FC504-0EAB-4E59-9993-C71A267EF24C}.Release|Any CPU.ActiveCfg = Release|Any CPU
		{EA3FC504-0EAB-4E59-9993-C71A267EF24C}.Release|Any CPU.Build.0 = Release|Any CPU
		{5E13ACFF-F332-4F4E-A6EA-9DF0D103D8EF}.Debug|Any CPU.ActiveCfg = Debug|Any CPU
		{5E13ACFF-F332-4F4E-A6EA-9DF0D103D8EF}.Debug|Any CPU.Build.0 = Debug|Any CPU
		{5E13ACFF-F332-4F4E-A6EA-9DF0D103D8EF}.Release|Any CPU.ActiveCfg = Release|Any CPU
		{5E13ACFF-F332-4F4E-A6EA-9DF0D103D8EF}.Release|Any CPU.Build.0 = Release|Any CPU
	EndGlobalSection
	GlobalSection(SolutionProperties) = preSolution
		HideSolutionNode = FALSE
	EndGlobalSection
	GlobalSection(ExtensibilityGlobals) = postSolution
		SolutionGuid = {D14E4F4B-EBE5-4724-BF7D-0A8868AB7746}
	EndGlobalSection
EndGlobal
